
Microsoft Visual Studio Solution File, Format Version 12.00
# Visual Studio Version 17
VisualStudioVersion = 17.8.34511.84
MinimumVisualStudioVersion = 10.0.40219.1
Project("{FAE04EC0-301F-11D3-BF4B-00C04F79EFBC}") = "MyBlog.web", "MyBlog.web\MyBlog.web.csproj", "{D25BE60D-C75E-449E-954A-534F12FD007B}"
EndProject
Global
	GlobalSection(SolutionConfigurationPlatforms) = preSolution
		Debug|Any CPU = Debug|Any CPU
		Release|Any CPU = Release|Any CPU
	EndGlobalSection
	GlobalSection(ProjectConfigurationPlatforms) = postSolution
		{D25BE60D-C75E-449E-954A-534F12FD007B}.Debug|Any CPU.ActiveCfg = Debug|Any CPU
		{D25BE60D-C75E-449E-954A-534F12FD007B}.Debug|Any CPU.Build.0 = Debug|Any CPU
		{D25BE60D-C75E-449E-954A-534F12FD007B}.Release|Any CPU.ActiveCfg = Release|Any CPU
		{D25BE60D-C75E-449E-954A-534F12FD007B}.Release|Any CPU.Build.0 = Release|Any CPU
	EndGlobalSection
	GlobalSection(SolutionProperties) = preSolution
		HideSolutionNode = FALSE
	EndGlobalSection
	GlobalSection(ExtensibilityGlobals) = postSolution
		SolutionGuid = {BBCA769A-540F-42D6-A2CB-10506BF0A420}
	EndGlobalSection
EndGlobal
